lockfileVersion: '9.0'

settings:
  autoInstallPeers: true
  excludeLinksFromLockfile: false

importers:

  .:
    dependencies:
      '@openzeppelin-v4/contracts':
        specifier: npm:@openzeppelin/contracts@4.9.6
        version: '@openzeppelin/contracts@4.9.6'
      solady:
        specifier: github:vectorized/solady
        version: https://codeload.github.com/vectorized/solady/tar.gz/834bbc4fd366ca8bce8c532a0e3b34eca6be709c
    devDependencies:
      forge-std:
        specifier: github:foundry-rs/forge-std
        version: https://codeload.github.com/foundry-rs/forge-std/tar.gz/0c71116a218268ee8c0157be8efcb13af0f7beaf

packages:

  '@openzeppelin/contracts@4.9.6':
    resolution: {integrity: sha512-xSmezSupL+y9VkHZJGDoCBpmnB2ogM13ccaYDWqJTfS3dbuHkgjuwDFUmaFauBCboQMGB/S5UqUl2y54X99BmA==}

  forge-std@https://codeload.github.com/foundry-rs/forge-std/tar.gz/0c71116a218268ee8c0157be8efcb13af0f7beaf:
    resolution: {tarball: https://codeload.github.com/foundry-rs/forge-std/tar.gz/0c71116a218268ee8c0157be8efcb13af0f7beaf}
    version: 1.10.0

  solady@https://codeload.github.com/vectorized/solady/tar.gz/834bbc4fd366ca8bce8c532a0e3b34eca6be709c:
    resolution: {tarball: https://codeload.github.com/vectorized/solady/tar.gz/834bbc4fd366ca8bce8c532a0e3b34eca6be709c}
    version: 0.1.24

snapshots:

  '@openzeppelin/contracts@4.9.6': {}

  forge-std@https://codeload.github.com/foundry-rs/forge-std/tar.gz/0c71116a218268ee8c0157be8efcb13af0f7beaf: {}

  solady@https://codeload.github.com/vectorized/solady/tar.gz/834bbc4fd366ca8bce8c532a0e3b34eca6be709c: {}
