# Generated by buf. DO NOT EDIT.
version: v1
deps:
  - remote: buf.build
    owner: cosmos
    repository: cosmos-proto
    commit: 1935555c206d4afb9e94615dfd0fad31
    digest: shake256:c74d91a3ac7ae07d579e90eee33abf9b29664047ac8816500cf22c081fec0d72d62c89ce0bebafc1f6fec7aa5315be72606717740ca95007248425102c365377
  - remote: buf.build
    owner: cosmos
    repository: cosmos-sdk
    commit: 65bf8005287c4fe7805789327d649f4c
    digest: shake256:1fa3aacaeb1a254eca2e8d17f560443823bdb0e12592cded7c12fdb74e61c7522ce73632fe51efb347b12f08d313475c5832004ab161fad2ea3e17ae042990ea
  - remote: buf.build
    owner: cosmos
    repository: gogo-proto
    commit: 88ef6483f90f478fb938c37dde52ece3
    digest: shake256:89c45df2aa11e0cff97b0d695436713db3d993d76792e9f8dc1ae90e6ab9a9bec55503d48ceedd6b86069ab07d3041b32001b2bfe0227fa725dd515ff381e5ba
  - remote: buf.build
    owner: googleapis
    repository: googleapis
    commit: 28151c0d0a1641bf938a7672c500e01d
    digest: shake256:49215edf8ef57f7863004539deff8834cfb2195113f0b890dd1f67815d9353e28e668019165b9d872395871eeafcbab3ccfdb2b5f11734d3cca95be9e8d139de
  - remote: buf.build
    owner: protocolbuffers
    repository: wellknowntypes
    commit: 11912caccc894a0e8bfa509e433b10c0
    digest: shake256:c14a5a03f8db59c57b701c95f6e524b42f3f3be251e60ccf4108d91c068a5c31b123ec402e62f8171734a663a8c8a940a1ec48c09448c88033112b45f5ae4c7f
