lockfileVersion: '9.0'

settings:
  autoInstallPeers: true
  excludeLinksFromLockfile: false

importers:

  .:
    dependencies:
      '@openzeppelin/contracts':
        specifier: ^5.2.0
        version: 5.2.0
      solady:
        specifier: ^0.1.14
        version: 0.1.14
    devDependencies:
      ds-test:
        specifier: github:dapphub/ds-test
        version: https://codeload.github.com/dapphub/ds-test/tar.gz/e282159d5170298eb2455a6c05280ab5a73a4ef0
      forge-std:
        specifier: github:foundry-rs/forge-std
        version: https://codeload.github.com/foundry-rs/forge-std/tar.gz/da591f56d8884c5824c0c1b3103fbcfd81123c4c

packages:

  '@openzeppelin/contracts@5.2.0':
    resolution: {integrity: sha512-bxjNie5z89W1Ea0NZLZluFh8PrFNn9DH8DQlujEok2yjsOlraUPKID5p1Wk3qdNbf6XkQ1Os2RvfiHrrXLHWKA==}

  ds-test@https://codeload.github.com/dapphub/ds-test/tar.gz/e282159d5170298eb2455a6c05280ab5a73a4ef0:
    resolution: {tarball: https://codeload.github.com/dapphub/ds-test/tar.gz/e282159d5170298eb2455a6c05280ab5a73a4ef0}
    version: 1.0.0

  forge-std@https://codeload.github.com/foundry-rs/forge-std/tar.gz/da591f56d8884c5824c0c1b3103fbcfd81123c4c:
    resolution: {tarball: https://codeload.github.com/foundry-rs/forge-std/tar.gz/da591f56d8884c5824c0c1b3103fbcfd81123c4c}
    version: 1.9.4

  solady@0.1.14:
    resolution: {integrity: sha512-Gowq1vzo1xGErRFvtV5W10tvyeq9UafGVWh0WisWvJ04fx5gn4dmakwnzEIYr76Am9csHcL1jMhsuuc5/rmEsg==}

snapshots:

  '@openzeppelin/contracts@5.2.0': {}

  ds-test@https://codeload.github.com/dapphub/ds-test/tar.gz/e282159d5170298eb2455a6c05280ab5a73a4ef0: {}

  forge-std@https://codeload.github.com/foundry-rs/forge-std/tar.gz/da591f56d8884c5824c0c1b3103fbcfd81123c4c: {}

  solady@0.1.14: {}
