# This file is generated by running "yarn install" inside your project.
# Manual changes might be lost - proceed with caution!

__metadata:
  version: 8
  cacheKey: 10c0

"ds-test@https://github.com/dapphub/ds-test":
  version: 1.0.0
  resolution: "ds-test@https://github.com/dapphub/ds-test.git#commit=e282159d5170298eb2455a6c05280ab5a73a4ef0"
  checksum: 585e15a2b8ff4993b2c338b7edae1af13de407e37ca511868e0c9f788e39fe1f9102301f1b3eb90f04f272b000cd1c540355b571d578dc8945f6f0fff07ed896
  languageName: node
  linkType: hard

"forge-std@https://github.com/foundry-rs/forge-std":
  version: 1.7.4
  resolution: "forge-std@https://github.com/foundry-rs/forge-std.git#commit=87a2a0afc5fafd6297538a45a52ac19e71a84562"
  checksum: 300299c61d1076d97ba1be072f0f0a50ec2182f9b8e1a7da42c6dc78e9e42a503af62ce7f914a4759729c146661c3b654e7babe9b4f87670c459e87aaa84acf9
  languageName: node
  linkType: hard

"root-workspace-0b6124@workspace:.":
  version: 0.0.0-use.local
  resolution: "root-workspace-0b6124@workspace:."
  dependencies:
    ds-test: "https://github.com/dapphub/ds-test"
    forge-std: "https://github.com/foundry-rs/forge-std"
  languageName: unknown
  linkType: soft
