lockfileVersion: '9.0'

settings:
  autoInstallPeers: true
  excludeLinksFromLockfile: false

importers:

  .:
    dependencies:
      '@openzeppelin/contracts':
        specifier: ^5.4.0
        version: 5.4.0
      '@openzeppelin/contracts-upgradeable':
        specifier: ^5.4.0
        version: 5.4.0(@openzeppelin/contracts@5.4.0)
      createx:
        specifier: github:pcaversaccio/createx
        version: git+https://git@github.com:pcaversaccio/createx.git#27d406819bfc5ec310a429b07857898f410b7293
      rlusd:
        specifier: github:ripple/RLUSD-Implementation
        version: RLUSD-Implementation@git+https://git@github.com:ripple/RLUSD-Implementation.git#fd6e77b794250e764a7ae39b1a59445759ab8c09
      solady:
        specifier: ^0.1.7
        version: 0.1.8
    devDependencies:
      forge-std:
        specifier: github:foundry-rs/forge-std
        version: git+https://git@github.com:foundry-rs/forge-std.git#551a2d30d7fecba7092ab45a587b5268149a48fb

packages:

  '@openzeppelin/contracts-upgradeable@5.4.0':
    resolution: {integrity: sha512-STJKyDzUcYuB35Zub1JpWW58JxvrFFVgQ+Ykdr8A9PGXgtq/obF5uoh07k2XmFyPxfnZdPdBdhkJ/n2YxJ87HQ==}
    peerDependencies:
      '@openzeppelin/contracts': 5.4.0

  '@openzeppelin/contracts@5.4.0':
    resolution: {integrity: sha512-eCYgWnLg6WO+X52I16TZt8uEjbtdkgLC0SUX/xnAksjjrQI4Xfn4iBRoI5j55dmlOhDv1Y7BoR3cU7e3WWhC6A==}

  RLUSD-Implementation@git+https://git@github.com:ripple/RLUSD-Implementation.git#fd6e77b794250e764a7ae39b1a59445759ab8c09:
    resolution: {commit: fd6e77b794250e764a7ae39b1a59445759ab8c09, repo: git@github.com:ripple/RLUSD-Implementation.git, type: git}
    version: 0.0.0

  createx@git+https://git@github.com:pcaversaccio/createx.git#27d406819bfc5ec310a429b07857898f410b7293:
    resolution: {commit: 27d406819bfc5ec310a429b07857898f410b7293, repo: git@github.com:pcaversaccio/createx.git, type: git}
    version: 1.0.0

  forge-std@git+https://git@github.com:foundry-rs/forge-std.git#551a2d30d7fecba7092ab45a587b5268149a48fb:
    resolution: {commit: 551a2d30d7fecba7092ab45a587b5268149a48fb, repo: git@github.com:foundry-rs/forge-std.git, type: git}
    version: 1.10.0

  solady@0.1.8:
    resolution: {integrity: sha512-r7qU0DbNjnT8NRwTyKkAmmC9iVoSQq3UXh6KEZjVbKYnjeH9wnYaSrimxocXPSR+o3ddWtzbtoGBT+KyDxxN7g==}

snapshots:

  '@openzeppelin/contracts-upgradeable@5.4.0(@openzeppelin/contracts@5.4.0)':
    dependencies:
      '@openzeppelin/contracts': 5.4.0

  '@openzeppelin/contracts@5.4.0': {}

  RLUSD-Implementation@git+https://git@github.com:ripple/RLUSD-Implementation.git#fd6e77b794250e764a7ae39b1a59445759ab8c09: {}

  createx@git+https://git@github.com:pcaversaccio/createx.git#27d406819bfc5ec310a429b07857898f410b7293: {}

  forge-std@git+https://git@github.com:foundry-rs/forge-std.git#551a2d30d7fecba7092ab45a587b5268149a48fb: {}

  solady@0.1.8: {}
